// !$*UTF8*$!
{
	archiveVersion = 1;
	classes = {
	};
	objectVersion = 51;
	objects = {

/* Begin PBXBuildFile section */
		1B56A43725496BD600A8E3BF /* GuideOneViewController.swift in Sources */ = {isa = PBXBuildFile; fileRef = 1B56A43625496BD600A8E3BF /* GuideOneViewController.swift */; };
		1B56A44425496ECD00A8E3BF /* GuideTwoViewController.swift in Sources */ = {isa = PBXBuildFile; fileRef = 1B56A44325496ECD00A8E3BF /* GuideTwoViewController.swift */; };
		1B56A453254A713800A8E3BF /* WebviewViewController.swift in Sources */ = {isa = PBXBuildFile; fileRef = 1B56A452254A713800A8E3BF /* WebviewViewController.swift */; };
		1B56A461254AE7E700A8E3BF /* WeakScriptMessageDelegate.swift in Sources */ = {isa = PBXBuildFile; fileRef = 1B56A460254AE7E700A8E3BF /* WeakScriptMessageDelegate.swift */; };
		1B56A469254AF4D900A8E3BF /* WebviewJavascript.swift in Sources */ = {isa = PBXBuildFile; fileRef = 1B56A468254AF4D900A8E3BF /* WebviewJavascript.swift */; };
		1B56A46E254B038200A8E3BF /* NativeBridge.swift in Sources */ = {isa = PBXBuildFile; fileRef = 1B56A46D254B038200A8E3BF /* NativeBridge.swift */; };
		1B56A475254BBE6700A8E3BF /* HomeViewController.swift in Sources */ = {isa = PBXBuildFile; fileRef = 1B56A474254BBE6700A8E3BF /* HomeViewController.swift */; };
		1B56A47A254BBE7C00A8E3BF /* MineViewController.swift in Sources */ = {isa = PBXBuildFile; fileRef = 1B56A479254BBE7C00A8E3BF /* MineViewController.swift */; };
		1BCDF60524D53A5400B58530 /* AppDelegate.swift in Sources */ = {isa = PBXBuildFile; fileRef = 1BCDF60424D53A5400B58530 /* AppDelegate.swift */; };
		1BCDF60724D53A5400B58530 /* SceneDelegate.swift in Sources */ = {isa = PBXBuildFile; fileRef = 1BCDF60624D53A5400B58530 /* SceneDelegate.swift */; };
		1BCDF60924D53A5400B58530 /* ViewController.swift in Sources */ = {isa = PBXBuildFile; fileRef = 1BCDF60824D53A5400B58530 /* ViewController.swift */; };
		1BCDF60C24D53A5500B58530 /* Main.storyboard in Resources */ = {isa = PBXBuildFile; fileRef = 1BCDF60A24D53A5400B58530 /* Main.storyboard */; };
		1BCDF61124D53A5600B58530 /* LaunchScreen.storyboard in Resources */ = {isa = PBXBuildFile; fileRef = 1BCDF60F24D53A5600B58530 /* LaunchScreen.storyboard */; };
		1BCDF61C24D53A5600B58530 /* wasaiTests.swift in Sources */ = {isa = PBXBuildFile; fileRef = 1BCDF61B24D53A5600B58530 /* wasaiTests.swift */; };
		1BCDF62724D53A5600B58530 /* wasaiUITests.swift in Sources */ = {isa = PBXBuildFile; fileRef = 1BCDF62624D53A5600B58530 /* wasaiUITests.swift */; };
		1BCDF63724D53D3E00B58530 /* Assets.xcassets in Resources */ = {isa = PBXBuildFile; fileRef = 1BCDF63624D53D3E00B58530 /* Assets.xcassets */; };
		1BCDF63A24D5424600B58530 /* SharePreference.swift in Sources */ = {isa = PBXBuildFile; fileRef = 1BCDF63924D5424600B58530 /* SharePreference.swift */; };
		1BCDF64624D58EB800B58530 /* GuideViewController.swift in Sources */ = {isa = PBXBuildFile; fileRef = 1BCDF64524D58EB800B58530 /* GuideViewController.swift */; };
		1BCDF64C24D59D3C00B58530 /* Podfile in Resources */ = {isa = PBXBuildFile; fileRef = 1BCDF64B24D59D3C00B58530 /* Podfile */; };
		1BCDF64E24D6439B00B58530 /* SystemInfo.swift in Sources */ = {isa = PBXBuildFile; fileRef = 1BCDF64D24D6439B00B58530 /* SystemInfo.swift */; };
		A0B70A4834FF4AAC6F06215E /* Pods_wasai.framework in Frameworks */ = {isa = PBXBuildFile; fileRef = 948463F0DF9253D68B0020AD /* Pods_wasai.framework */; };
/* End PBXBuildFile section */

/* Begin PBXContainerItemProxy section */
		1BCDF61824D53A5600B58530 /* PBXContainerItemProxy */ = {
			isa = PBXContainerItemProxy;
			containerPortal = 1BCDF5F924D53A5400B58530 /* Project object */;
			proxyType = 1;
			remoteGlobalIDString = 1BCDF60024D53A5400B58530;
			remoteInfo = wasai;
		};
		1BCDF62324D53A5600B58530 /* PBXContainerItemProxy */ = {
			isa = PBXContainerItemProxy;
			containerPortal = 1BCDF5F924D53A5400B58530 /* Project object */;
			proxyType = 1;
			remoteGlobalIDString = 1BCDF60024D53A5400B58530;
			remoteInfo = wasai;
		};
/* End PBXContainerItemProxy section */

/* Begin PBXFileReference section */
		06434F0679ED7A7BCE31FAD4 /* Pods-wasai.debug.xcconfig */ = {isa = PBXFileReference; includeInIndex = 1; lastKnownFileType = text.xcconfig; name = "Pods-wasai.debug.xcconfig"; path = "Target Support Files/Pods-wasai/Pods-wasai.debug.xcconfig"; sourceTree = "<group>"; };
		1B56A43625496BD600A8E3BF /* GuideOneViewController.swift */ = {isa = PBXFileReference; lastKnownFileType = sourcecode.swift; path = GuideOneViewController.swift; sourceTree = "<group>"; };
		1B56A44325496ECD00A8E3BF /* GuideTwoViewController.swift */ = {isa = PBXFileReference; lastKnownFileType = sourcecode.swift; path = GuideTwoViewController.swift; sourceTree = "<group>"; };
		1B56A452254A713800A8E3BF /* WebviewViewController.swift */ = {isa = PBXFileReference; lastKnownFileType = sourcecode.swift; path = WebviewViewController.swift; sourceTree = "<group>"; };
		1B56A460254AE7E700A8E3BF /* WeakScriptMessageDelegate.swift */ = {isa = PBXFileReference; lastKnownFileType = sourcecode.swift; path = WeakScriptMessageDelegate.swift; sourceTree = "<group>"; };
		1B56A468254AF4D900A8E3BF /* WebviewJavascript.swift */ = {isa = PBXFileReference; lastKnownFileType = sourcecode.swift; path = WebviewJavascript.swift; sourceTree = "<group>"; };
		1B56A46D254B038200A8E3BF /* NativeBridge.swift */ = {isa = PBXFileReference; lastKnownFileType = sourcecode.swift; path = NativeBridge.swift; sourceTree = "<group>"; };
		1B56A474254BBE6700A8E3BF /* HomeViewController.swift */ = {isa = PBXFileReference; lastKnownFileType = sourcecode.swift; path = HomeViewController.swift; sourceTree = "<group>"; };
		1B56A479254BBE7C00A8E3BF /* MineViewController.swift */ = {isa = PBXFileReference; lastKnownFileType = sourcecode.swift; path = MineViewController.swift; sourceTree = "<group>"; };
		1BCDF60124D53A5400B58530 /* wasai.app */ = {isa = PBXFileReference; explicitFileType = wrapper.application; includeInIndex = 0; path = wasai.app; sourceTree = BUILT_PRODUCTS_DIR; };
		1BCDF60424D53A5400B58530 /* AppDelegate.swift */ = {isa = PBXFileReference; lastKnownFileType = sourcecode.swift; path = AppDelegate.swift; sourceTree = "<group>"; };
		1BCDF60624D53A5400B58530 /* SceneDelegate.swift */ = {isa = PBXFileReference; lastKnownFileType = sourcecode.swift; path = SceneDelegate.swift; sourceTree = "<group>"; };
		1BCDF60824D53A5400B58530 /* ViewController.swift */ = {isa = PBXFileReference; lastKnownFileType = sourcecode.swift; path = ViewController.swift; sourceTree = "<group>"; };
		1BCDF60B24D53A5400B58530 /* Base */ = {isa = PBXFileReference; lastKnownFileType = file.storyboard; name = Base; path = Base.lproj/Main.storyboard; sourceTree = "<group>"; };
		1BCDF61024D53A5600B58530 /* Base */ = {isa = PBXFileReference; lastKnownFileType = file.storyboard; name = Base; path = Base.lproj/LaunchScreen.storyboard; sourceTree = "<group>"; };
		1BCDF61224D53A5600B58530 /* Info.plist */ = {isa = PBXFileReference; lastKnownFileType = text.plist.xml; path = Info.plist; sourceTree = "<group>"; };
		1BCDF61724D53A5600B58530 /* wasaiTests.xctest */ = {isa = PBXFileReference; explicitFileType = wrapper.cfbundle; includeInIndex = 0; path = wasaiTests.xctest; sourceTree = BUILT_PRODUCTS_DIR; };
		1BCDF61B24D53A5600B58530 /* wasaiTests.swift */ = {isa = PBXFileReference; lastKnownFileType = sourcecode.swift; path = wasaiTests.swift; sourceTree = "<group>"; };
		1BCDF61D24D53A5600B58530 /* Info.plist */ = {isa = PBXFileReference; lastKnownFileType = text.plist.xml; path = Info.plist; sourceTree = "<group>"; };
		1BCDF62224D53A5600B58530 /* wasaiUITests.xctest */ = {isa = PBXFileReference; explicitFileType = wrapper.cfbundle; includeInIndex = 0; path = wasaiUITests.xctest; sourceTree = BUILT_PRODUCTS_DIR; };
		1BCDF62624D53A5600B58530 /* wasaiUITests.swift */ = {isa = PBXFileReference; lastKnownFileType = sourcecode.swift; path = wasaiUITests.swift; sourceTree = "<group>"; };
		1BCDF62824D53A5600B58530 /* Info.plist */ = {isa = PBXFileReference; lastKnownFileType = text.plist.xml; path = Info.plist; sourceTree = "<group>"; };
		1BCDF63624D53D3E00B58530 /* Assets.xcassets */ = {isa = PBXFileReference; lastKnownFileType = folder.assetcatalog; path = Assets.xcassets; sourceTree = "<group>"; };
		1BCDF63924D5424600B58530 /* SharePreference.swift */ = {isa = PBXFileReference; lastKnownFileType = sourcecode.swift; path = SharePreference.swift; sourceTree = "<group>"; };
		1BCDF64524D58EB800B58530 /* GuideViewController.swift */ = {isa = PBXFileReference; lastKnownFileType = sourcecode.swift; path = GuideViewController.swift; sourceTree = "<group>"; };
		1BCDF64B24D59D3C00B58530 /* Podfile */ = {isa = PBXFileReference; lastKnownFileType = text; path = Podfile; sourceTree = "<group>"; xcLanguageSpecificationIdentifier = xcode.lang.ruby; };
		1BCDF64D24D6439B00B58530 /* SystemInfo.swift */ = {isa = PBXFileReference; lastKnownFileType = sourcecode.swift; path = SystemInfo.swift; sourceTree = "<group>"; };
		2D8C10A22993A0A448B71147 /* Pods-wasai.release.xcconfig */ = {isa = PBXFileReference; includeInIndex = 1; lastKnownFileType = text.xcconfig; name = "Pods-wasai.release.xcconfig"; path = "Target Support Files/Pods-wasai/Pods-wasai.release.xcconfig"; sourceTree = "<group>"; };
		948463F0DF9253D68B0020AD /* Pods_wasai.framework */ = {isa = PBXFileReference; explicitFileType = wrapper.framework; includeInIndex = 0; path = Pods_wasai.framework; sourceTree = BUILT_PRODUCTS_DIR; };
/* End PBXFileReference section */

/* Begin PBXFrameworksBuildPhase section */
		1BCDF5FE24D53A5400B58530 /* Frameworks */ = {
			isa = PBXFrameworksBuildPhase;
			buildActionMask = 2147483647;
			files = (
				A0B70A4834FF4AAC6F06215E /* Pods_wasai.framework in Frameworks */,
			);
			runOnlyForDeploymentPostprocessing = 0;
		};
		1BCDF61424D53A5600B58530 /* Frameworks */ = {
			isa = PBXFrameworksBuildPhase;
			buildActionMask = 2147483647;
			files = (
			);
			runOnlyForDeploymentPostprocessing = 0;
		};
		1BCDF61F24D53A5600B58530 /* Frameworks */ = {
			isa = PBXFrameworksBuildPhase;
			buildActionMask = 2147483647;
			files = (
			);
			runOnlyForDeploymentPostprocessing = 0;
		};
/* End PBXFrameworksBuildPhase section */

/* Begin PBXGroup section */
		11D6FD3B79A93881CE8E989E /* Pods */ = {
			isa = PBXGroup;
			children = (
				06434F0679ED7A7BCE31FAD4 /* Pods-wasai.debug.xcconfig */,
				2D8C10A22993A0A448B71147 /* Pods-wasai.release.xcconfig */,
			);
			path = Pods;
			sourceTree = "<group>";
		};
		1B56A451254A710400A8E3BF /* Webview */ = {
			isa = PBXGroup;
			children = (
				1B56A452254A713800A8E3BF /* WebviewViewController.swift */,
				1B56A460254AE7E700A8E3BF /* WeakScriptMessageDelegate.swift */,
				1B56A468254AF4D900A8E3BF /* WebviewJavascript.swift */,
				1B56A46D254B038200A8E3BF /* NativeBridge.swift */,
			);
			path = Webview;
			sourceTree = "<group>";
		};
		1B56A472254BBE4500A8E3BF /* Home */ = {
			isa = PBXGroup;
			children = (
				1B56A474254BBE6700A8E3BF /* HomeViewController.swift */,
			);
			path = Home;
			sourceTree = "<group>";
		};
		1B56A473254BBE4F00A8E3BF /* Mine */ = {
			isa = PBXGroup;
			children = (
				1B56A479254BBE7C00A8E3BF /* MineViewController.swift */,
			);
			path = Mine;
			sourceTree = "<group>";
		};
		1BCDF5F824D53A5400B58530 = {
			isa = PBXGroup;
			children = (
				1BCDF64B24D59D3C00B58530 /* Podfile */,
				1BCDF60324D53A5400B58530 /* wasai */,
				1BCDF61A24D53A5600B58530 /* wasaiTests */,
				1BCDF62524D53A5600B58530 /* wasaiUITests */,
				1BCDF60224D53A5400B58530 /* Products */,
				11D6FD3B79A93881CE8E989E /* Pods */,
				608CFD636B96556699985CF9 /* Frameworks */,
			);
			sourceTree = "<group>";
		};
		1BCDF60224D53A5400B58530 /* Products */ = {
			isa = PBXGroup;
			children = (
				1BCDF60124D53A5400B58530 /* wasai.app */,
				1BCDF61724D53A5600B58530 /* wasaiTests.xctest */,
				1BCDF62224D53A5600B58530 /* wasaiUITests.xctest */,
			);
			name = Products;
			sourceTree = "<group>";
		};
		1BCDF60324D53A5400B58530 /* wasai */ = {
			isa = PBXGroup;
			children = (
				1BCDF63B24D56DBD00B58530 /* ViewController */,
				1BCDF63824D5421100B58530 /* Utils */,
				1BCDF60424D53A5400B58530 /* AppDelegate.swift */,
				1BCDF60624D53A5400B58530 /* SceneDelegate.swift */,
				1BCDF60824D53A5400B58530 /* ViewController.swift */,
				1BCDF63624D53D3E00B58530 /* Assets.xcassets */,
				1BCDF60A24D53A5400B58530 /* Main.storyboard */,
				1BCDF60F24D53A5600B58530 /* LaunchScreen.storyboard */,
				1BCDF61224D53A5600B58530 /* Info.plist */,
			);
			path = wasai;
			sourceTree = "<group>";
		};
		1BCDF61A24D53A5600B58530 /* wasaiTests */ = {
			isa = PBXGroup;
			children = (
				1BCDF61B24D53A5600B58530 /* wasaiTests.swift */,
				1BCDF61D24D53A5600B58530 /* Info.plist */,
			);
			path = wasaiTests;
			sourceTree = "<group>";
		};
		1BCDF62524D53A5600B58530 /* wasaiUITests */ = {
			isa = PBXGroup;
			children = (
				1BCDF62624D53A5600B58530 /* wasaiUITests.swift */,
				1BCDF62824D53A5600B58530 /* Info.plist */,
			);
			path = wasaiUITests;
			sourceTree = "<group>";
		};
		1BCDF63824D5421100B58530 /* Utils */ = {
			isa = PBXGroup;
			children = (
				1BCDF63924D5424600B58530 /* SharePreference.swift */,
				1BCDF64D24D6439B00B58530 /* SystemInfo.swift */,
			);
			path = Utils;
			sourceTree = "<group>";
		};
		1BCDF63B24D56DBD00B58530 /* ViewController */ = {
			isa = PBXGroup;
			children = (
				1B56A473254BBE4F00A8E3BF /* Mine */,
				1B56A472254BBE4500A8E3BF /* Home */,
				1B56A451254A710400A8E3BF /* Webview */,
				1BCDF64424D58EA200B58530 /* Guide */,
			);
			path = ViewController;
			sourceTree = "<group>";
		};
		1BCDF64424D58EA200B58530 /* Guide */ = {
			isa = PBXGroup;
			children = (
				1BCDF64524D58EB800B58530 /* GuideViewController.swift */,
				1B56A43625496BD600A8E3BF /* GuideOneViewController.swift */,
				1B56A44325496ECD00A8E3BF /* GuideTwoViewController.swift */,
			);
			path = Guide;
			sourceTree = "<group>";
		};
		608CFD636B96556699985CF9 /* Frameworks */ = {
			isa = PBXGroup;
			children = (
				948463F0DF9253D68B0020AD /* Pods_wasai.framework */,
			);
			name = Frameworks;
			sourceTree = "<group>";
		};
/* End PBXGroup section */

/* Begin PBXNativeTarget section */
		1BCDF60024D53A5400B58530 /* wasai */ = {
			isa = PBXNativeTarget;
			buildConfigurationList = 1BCDF62B24D53A5600B58530 /* Build configuration list for PBXNativeTarget "wasai" */;
			buildPhases = (
				9DB096091106A9A91D90D796 /* [CP] Check Pods Manifest.lock */,
				1BCDF5FD24D53A5400B58530 /* Sources */,
				1BCDF5FE24D53A5400B58530 /* Frameworks */,
				1BCDF5FF24D53A5400B58530 /* Resources */,
				775333B64F286FDF7EAA3965 /* [CP] Embed Pods Frameworks */,
			);
			buildRules = (
			);
			dependencies = (
			);
			name = wasai;
			productName = wasai;
			productReference = 1BCDF60124D53A5400B58530 /* wasai.app */;
			productType = "com.apple.product-type.application";
		};
		1BCDF61624D53A5600B58530 /* wasaiTests */ = {
			isa = PBXNativeTarget;
			buildConfigurationList = 1BCDF62E24D53A5600B58530 /* Build configuration list for PBXNativeTarget "wasaiTests" */;
			buildPhases = (
				1BCDF61324D53A5600B58530 /* Sources */,
				1BCDF61424D53A5600B58530 /* Frameworks */,
				1BCDF61524D53A5600B58530 /* Resources */,
			);
			buildRules = (
			);
			dependencies = (
				1BCDF61924D53A5600B58530 /* PBXTargetDependency */,
			);
			name = wasaiTests;
			productName = wasaiTests;
			productReference = 1BCDF61724D53A5600B58530 /* wasaiTests.xctest */;
			productType = "com.apple.product-type.bundle.unit-test";
		};
		1BCDF62124D53A5600B58530 /* wasaiUITests */ = {
			isa = PBXNativeTarget;
			buildConfigurationList = 1BCDF63124D53A5600B58530 /* Build configuration list for PBXNativeTarget "wasaiUITests" */;
			buildPhases = (
				1BCDF61E24D53A5600B58530 /* Sources */,
				1BCDF61F24D53A5600B58530 /* Frameworks */,
				1BCDF62024D53A5600B58530 /* Resources */,
			);
			buildRules = (
			);
			dependencies = (
				1BCDF62424D53A5600B58530 /* PBXTargetDependency */,
			);
			name = wasaiUITests;
			productName = wasaiUITests;
			productReference = 1BCDF62224D53A5600B58530 /* wasaiUITests.xctest */;
			productType = "com.apple.product-type.bundle.ui-testing";
		};
/* End PBXNativeTarget section */

/* Begin PBXProject section */
		1BCDF5F924D53A5400B58530 /* Project object */ = {
			isa = PBXProject;
			attributes = {
				LastSwiftUpdateCheck = 1160;
				LastUpgradeCheck = 1160;
				ORGANIZATIONNAME = "李政辉";
				TargetAttributes = {
					1BCDF60024D53A5400B58530 = {
						CreatedOnToolsVersion = 11.6;
					};
					1BCDF61624D53A5600B58530 = {
						CreatedOnToolsVersion = 11.6;
						TestTargetID = 1BCDF60024D53A5400B58530;
					};
					1BCDF62124D53A5600B58530 = {
						CreatedOnToolsVersion = 11.6;
						TestTargetID = 1BCDF60024D53A5400B58530;
					};
				};
			};
			buildConfigurationList = 1BCDF5FC24D53A5400B58530 /* Build configuration list for PBXProject "wasai" */;
			compatibilityVersion = "Xcode 9.3";
			developmentRegion = en;
			hasScannedForEncodings = 0;
			knownRegions = (
				en,
				Base,
			);
			mainGroup = 1BCDF5F824D53A5400B58530;
			productRefGroup = 1BCDF60224D53A5400B58530 /* Products */;
			projectDirPath = "";
			projectRoot = "";
			targets = (
				1BCDF60024D53A5400B58530 /* wasai */,
				1BCDF61624D53A5600B58530 /* wasaiTests */,
				1BCDF62124D53A5600B58530 /* wasaiUITests */,
			);
		};
/* End PBXProject section */

/* Begin PBXResourcesBuildPhase section */
		1BCDF5FF24D53A5400B58530 /* Resources */ = {
			isa = PBXResourcesBuildPhase;
			buildActionMask = 2147483647;
			files = (
				1BCDF64C24D59D3C00B58530 /* Podfile in Resources */,
				1BCDF61124D53A5600B58530 /* LaunchScreen.storyboard in Resources */,
				1BCDF63724D53D3E00B58530 /* Assets.xcassets in Resources */,
				1BCDF60C24D53A5500B58530 /* Main.storyboard in Resources */,
			);
			runOnlyForDeploymentPostprocessing = 0;
		};
		1BCDF61524D53A5600B58530 /* Resources */ = {
			isa = PBXResourcesBuildPhase;
			buildActionMask = 2147483647;
			files = (
			);
			runOnlyForDeploymentPostprocessing = 0;
		};
		1BCDF62024D53A5600B58530 /* Resources */ = {
			isa = PBXResourcesBuildPhase;
			buildActionMask = 2147483647;
			files = (
			);
			runOnlyForDeploymentPostprocessing = 0;
		};
/* End PBXResourcesBuildPhase section */

/* Begin PBXShellScriptBuildPhase section */
		775333B64F286FDF7EAA3965 /* [CP] Embed Pods Frameworks */ = {
			isa = PBXShellScriptBuildPhase;
			buildActionMask = 2147483647;
			files = (
			);
			inputFileListPaths = (
				"${PODS_ROOT}/Target Support Files/Pods-wasai/Pods-wasai-frameworks-${CONFIGURATION}-input-files.xcfilelist",
			);
			name = "[CP] Embed Pods Frameworks";
			outputFileListPaths = (
				"${PODS_ROOT}/Target Support Files/Pods-wasai/Pods-wasai-frameworks-${CONFIGURATION}-output-files.xcfilelist",
			);
			runOnlyForDeploymentPostprocessing = 0;
			shellPath = /bin/sh;
			shellScript = "\"${PODS_ROOT}/Target Support Files/Pods-wasai/Pods-wasai-frameworks.sh\"\n";
			showEnvVarsInLog = 0;
		};
		9DB096091106A9A91D90D796 /* [CP] Check Pods Manifest.lock */ = {
			isa = PBXShellScriptBuildPhase;
			buildActionMask = 2147483647;
			files = (
			);
			inputFileListPaths = (
			);
			inputPaths = (
				"${PODS_PODFILE_DIR_PATH}/Podfile.lock",
				"${PODS_ROOT}/Manifest.lock",
			);
			name = "[CP] Check Pods Manifest.lock";
			outputFileListPaths = (
			);
			outputPaths = (
				"$(DERIVED_FILE_DIR)/Pods-wasai-checkManifestLockResult.txt",
			);
			runOnlyForDeploymentPostprocessing = 0;
			shellPath = /bin/sh;
			shellScript = "diff \"${PODS_PODFILE_DIR_PATH}/Podfile.lock\" \"${PODS_ROOT}/Manifest.lock\" > /dev/null\nif [ $? != 0 ] ; then\n    # print error to STDERR\n    echo \"error: The sandbox is not in sync with the Podfile.lock. Run 'pod install' or update your CocoaPods installation.\" >&2\n    exit 1\nfi\n# This output is used by Xcode 'outputs' to avoid re-running this script phase.\necho \"SUCCESS\" > \"${SCRIPT_OUTPUT_FILE_0}\"\n";
			showEnvVarsInLog = 0;
		};
/* End PBXShellScriptBuildPhase section */

/* Begin PBXSourcesBuildPhase section */
		1BCDF5FD24D53A5400B58530 /* Sources */ = {
			isa = PBXSourcesBuildPhase;
			buildActionMask = 2147483647;
			files = (
				1B56A43725496BD600A8E3BF /* GuideOneViewController.swift in Sources */,
				1B56A453254A713800A8E3BF /* WebviewViewController.swift in Sources */,
				1BCDF60924D53A5400B58530 /* ViewController.swift in Sources */,
				1BCDF64624D58EB800B58530 /* GuideViewController.swift in Sources */,
				1BCDF60524D53A5400B58530 /* AppDelegate.swift in Sources */,
				1B56A46E254B038200A8E3BF /* NativeBridge.swift in Sources */,
				1B56A461254AE7E700A8E3BF /* WeakScriptMessageDelegate.swift in Sources */,
				1BCDF63A24D5424600B58530 /* SharePreference.swift in Sources */,
				1B56A47A254BBE7C00A8E3BF /* MineViewController.swift in Sources */,
				1B56A469254AF4D900A8E3BF /* WebviewJavascript.swift in Sources */,
				1BCDF64E24D6439B00B58530 /* SystemInfo.swift in Sources */,
				1B56A44425496ECD00A8E3BF /* GuideTwoViewController.swift in Sources */,
				1B56A475254BBE6700A8E3BF /* HomeViewController.swift in Sources */,
				1BCDF60724D53A5400B58530 /* SceneDelegate.swift in Sources */,
			);
			runOnlyForDeploymentPostprocessing = 0;
		};
		1BCDF61324D53A5600B58530 /* Sources */ = {
			isa = PBXSourcesBuildPhase;
			buildActionMask = 2147483647;
			files = (
				1BCDF61C24D53A5600B58530 /* wasaiTests.swift in Sources */,
			);
			runOnlyForDeploymentPostprocessing = 0;
		};
		1BCDF61E24D53A5600B58530 /* Sources */ = {
			isa = PBXSourcesBuildPhase;
			buildActionMask = 2147483647;
			files = (
				1BCDF62724D53A5600B58530 /* wasaiUITests.swift in Sources */,
			);
			runOnlyForDeploymentPostprocessing = 0;
		};
/* End PBXSourcesBuildPhase section */

/* Begin PBXTargetDependency section */
		1BCDF61924D53A5600B58530 /* PBXTargetDependency */ = {
			isa = PBXTargetDependency;
			target = 1BCDF60024D53A5400B58530 /* wasai */;
			targetProxy = 1BCDF61824D53A5600B58530 /* PBXContainerItemProxy */;
		};
		1BCDF62424D53A5600B58530 /* PBXTargetDependency */ = {
			isa = PBXTargetDependency;
			target = 1BCDF60024D53A5400B58530 /* wasai */;
			targetProxy = 1BCDF62324D53A5600B58530 /* PBXContainerItemProxy */;
		};
/* End PBXTargetDependency section */

/* Begin PBXVariantGroup section */
		1BCDF60A24D53A5400B58530 /* Main.storyboard */ = {
			isa = PBXVariantGroup;
			children = (
				1BCDF60B24D53A5400B58530 /* Base */,
			);
			name = Main.storyboard;
			sourceTree = "<group>";
		};
		1BCDF60F24D53A5600B58530 /* LaunchScreen.storyboard */ = {
			isa = PBXVariantGroup;
			children = (
				1BCDF61024D53A5600B58530 /* Base */,
			);
			name = LaunchScreen.storyboard;
			sourceTree = "<group>";
		};
/* End PBXVariantGroup section */

/* Begin XCBuildConfiguration section */
		1BCDF62924D53A5600B58530 /* Debug */ = {
			isa = XCBuildConfiguration;
			buildSettings = {
				ALWAYS_SEARCH_USER_PATHS = NO;
				CLANG_ANALYZER_NONNULL = YES;
				CLANG_ANALYZER_NUMBER_OBJECT_CONVERSION = YES_AGGRESSIVE;
				CLANG_CXX_LANGUAGE_STANDARD = "gnu++14";
				CLANG_CXX_LIBRARY = "libc++";
				CLANG_ENABLE_MODULES = YES;
				CLANG_ENABLE_OBJC_ARC = YES;
				CLANG_ENABLE_OBJC_WEAK = YES;
				CLANG_WARN_BLOCK_CAPTURE_AUTORELEASING = YES;
				CLANG_WARN_BOOL_CONVERSION = YES;
				CLANG_WARN_COMMA = YES;
				CLANG_WARN_CONSTANT_CONVERSION = YES;
				CLANG_WARN_DEPRECATED_OBJC_IMPLEMENTATIONS = YES;
				CLANG_WARN_DIRECT_OBJC_ISA_USAGE = YES_ERROR;
				CLANG_WARN_DOCUMENTATION_COMMENTS = YES;
				CLANG_WARN_EMPTY_BODY = YES;
				CLANG_WARN_ENUM_CONVERSION = YES;
				CLANG_WARN_INFINITE_RECURSION = YES;
				CLANG_WARN_INT_CONVERSION = YES;
				CLANG_WARN_NON_LITERAL_NULL_CONVERSION = YES;
				CLANG_WARN_OBJC_IMPLICIT_RETAIN_SELF = YES;
				CLANG_WARN_OBJC_LITERAL_CONVERSION = YES;
				CLANG_WARN_OBJC_ROOT_CLASS = YES_ERROR;
				CLANG_WARN_RANGE_LOOP_ANALYSIS = YES;
				CLANG_WARN_STRICT_PROTOTYPES = YES;
				CLANG_WARN_SUSPICIOUS_MOVE = YES;
				CLANG_WARN_UNGUARDED_AVAILABILITY = YES_AGGRESSIVE;
				CLANG_WARN_UNREACHABLE_CODE = YES;
				CLANG_WARN__DUPLICATE_METHOD_MATCH = YES;
				COPY_PHASE_STRIP = NO;
				DEBUG_INFORMATION_FORMAT = dwarf;
				ENABLE_STRICT_OBJC_MSGSEND = YES;
				ENABLE_TESTABILITY = YES;
				GCC_C_LANGUAGE_STANDARD = gnu11;
				GCC_DYNAMIC_NO_PIC = NO;
				GCC_NO_COMMON_BLOCKS = YES;
				GCC_OPTIMIZATION_LEVEL = 0;
				GCC_PREPROCESSOR_DEFINITIONS = (
					"DEBUG=1",
					"$(inherited)",
				);
				GCC_WARN_64_TO_32_BIT_CONVERSION = YES;
				GCC_WARN_ABOUT_RETURN_TYPE = YES_ERROR;
				GCC_WARN_UNDECLARED_SELECTOR = YES;
				GCC_WARN_UNINITIALIZED_AUTOS = YES_AGGRESSIVE;
				GCC_WARN_UNUSED_FUNCTION = YES;
				GCC_WARN_UNUSED_VARIABLE = YES;
				IPHONEOS_DEPLOYMENT_TARGET = 13.6;
				MTL_ENABLE_DEBUG_INFO = INCLUDE_SOURCE;
				MTL_FAST_MATH = YES;
				ONLY_ACTIVE_ARCH = YES;
				SDKROOT = iphoneos;
				SWIFT_ACTIVE_COMPILATION_CONDITIONS = DEBUG;
				SWIFT_OPTIMIZATION_LEVEL = "-Onone";
			};
			name = Debug;
		};
		1BCDF62A24D53A5600B58530 /* Release */ = {
			isa = XCBuildConfiguration;
			buildSettings = {
				ALWAYS_SEARCH_USER_PATHS = NO;
				CLANG_ANALYZER_NONNULL = YES;
				CLANG_ANALYZER_NUMBER_OBJECT_CONVERSION = YES_AGGRESSIVE;
				CLANG_CXX_LANGUAGE_STANDARD = "gnu++14";
				CLANG_CXX_LIBRARY = "libc++";
				CLANG_ENABLE_MODULES = YES;
				CLANG_ENABLE_OBJC_ARC = YES;
				CLANG_ENABLE_OBJC_WEAK = YES;
				CLANG_WARN_BLOCK_CAPTURE_AUTORELEASING = YES;
				CLANG_WARN_BOOL_CONVERSION = YES;
				CLANG_WARN_COMMA = YES;
				CLANG_WARN_CONSTANT_CONVERSION = YES;
				CLANG_WARN_DEPRECATED_OBJC_IMPLEMENTATIONS = YES;
				CLANG_WARN_DIRECT_OBJC_ISA_USAGE = YES_ERROR;
				CLANG_WARN_DOCUMENTATION_COMMENTS = YES;
				CLANG_WARN_EMPTY_BODY = YES;
				CLANG_WARN_ENUM_CONVERSION = YES;
				CLANG_WARN_INFINITE_RECURSION = YES;
				CLANG_WARN_INT_CONVERSION = YES;
				CLANG_WARN_NON_LITERAL_NULL_CONVERSION = YES;
				CLANG_WARN_OBJC_IMPLICIT_RETAIN_SELF = YES;
				CLANG_WARN_OBJC_LITERAL_CONVERSION = YES;
				CLANG_WARN_OBJC_ROOT_CLASS = YES_ERROR;
				CLANG_WARN_RANGE_LOOP_ANALYSIS = YES;
				CLANG_WARN_STRICT_PROTOTYPES = YES;
				CLANG_WARN_SUSPICIOUS_MOVE = YES;
				CLANG_WARN_UNGUARDED_AVAILABILITY = YES_AGGRESSIVE;
				CLANG_WARN_UNREACHABLE_CODE = YES;
				CLANG_WARN__DUPLICATE_METHOD_MATCH = YES;
				COPY_PHASE_STRIP = NO;
				DEBUG_INFORMATION_FORMAT = "dwarf-with-dsym";
				ENABLE_NS_ASSERTIONS = NO;
				ENABLE_STRICT_OBJC_MSGSEND = YES;
				GCC_C_LANGUAGE_STANDARD = gnu11;
				GCC_NO_COMMON_BLOCKS = YES;
				GCC_WARN_64_TO_32_BIT_CONVERSION = YES;
				GCC_WARN_ABOUT_RETURN_TYPE = YES_ERROR;
				GCC_WARN_UNDECLARED_SELECTOR = YES;
				GCC_WARN_UNINITIALIZED_AUTOS = YES_AGGRESSIVE;
				GCC_WARN_UNUSED_FUNCTION = YES;
				GCC_WARN_UNUSED_VARIABLE = YES;
				IPHONEOS_DEPLOYMENT_TARGET = 13.6;
				MTL_ENABLE_DEBUG_INFO = NO;
				MTL_FAST_MATH = YES;
				SDKROOT = iphoneos;
				SWIFT_COMPILATION_MODE = wholemodule;
				SWIFT_OPTIMIZATION_LEVEL = "-O";
				VALIDATE_PRODUCT = YES;
			};
			name = Release;
		};
		1BCDF62C24D53A5600B58530 /* Debug */ = {
			isa = XCBuildConfiguration;
			baseConfigurationReference = 06434F0679ED7A7BCE31FAD4 /* Pods-wasai.debug.xcconfig */;
			buildSettings = {
				ASSETCATALOG_COMPILER_APPICON_NAME = AppIcon;
				CODE_SIGN_STYLE = Automatic;
				DEVELOPMENT_TEAM = 8ZQ2PT5Z9Q;
				INFOPLIST_FILE = wasai/Info.plist;
				IPHONEOS_DEPLOYMENT_TARGET = 8.0;
				LD_RUNPATH_SEARCH_PATHS = (
					"$(inherited)",
					"@executable_path/Frameworks",
				);
				MARKETING_VERSION = 1.0;
				PRODUCT_BUNDLE_IDENTIFIER = "-77115772.wasai";
				PRODUCT_NAME = "$(TARGET_NAME)";
				SWIFT_VERSION = 5.0;
				TARGETED_DEVICE_FAMILY = "1,2";
			};
			name = Debug;
		};
		1BCDF62D24D53A5600B58530 /* Release */ = {
			isa = XCBuildConfiguration;
			baseConfigurationReference = 2D8C10A22993A0A448B71147 /* Pods-wasai.release.xcconfig */;
			buildSettings = {
				ASSETCATALOG_COMPILER_APPICON_NAME = AppIcon;
				CODE_SIGN_STYLE = Automatic;
				DEVELOPMENT_TEAM = 8ZQ2PT5Z9Q;
				INFOPLIST_FILE = wasai/Info.plist;
				IPHONEOS_DEPLOYMENT_TARGET = 8.0;
				LD_RUNPATH_SEARCH_PATHS = (
					"$(inherited)",
					"@executable_path/Frameworks",
				);
				MARKETING_VERSION = 1.0;
				PRODUCT_BUNDLE_IDENTIFIER = "-77115772.wasai";
				PRODUCT_NAME = "$(TARGET_NAME)";
				SWIFT_VERSION = 5.0;
				TARGETED_DEVICE_FAMILY = "1,2";
			};
			name = Release;
		};
		1BCDF62F24D53A5600B58530 /* Debug */ = {
			isa = XCBuildConfiguration;
			buildSettings = {
				ALWAYS_EMBED_SWIFT_STANDARD_LIBRARIES = YES;
				BUNDLE_LOADER = "$(TEST_HOST)";
				CODE_SIGN_STYLE = Automatic;
				DEVELOPMENT_TEAM = 8ZQ2PT5Z9Q;
				INFOPLIST_FILE = wasaiTests/Info.plist;
				IPHONEOS_DEPLOYMENT_TARGET = 13.6;
				LD_RUNPATH_SEARCH_PATHS = (
					"$(inherited)",
					"@executable_path/Frameworks",
					"@loader_path/Frameworks",
				);
				PRODUCT_BUNDLE_IDENTIFIER = "-77115772.wasaiTests";
				PRODUCT_NAME = "$(TARGET_NAME)";
				SWIFT_VERSION = 5.0;
				TARGETED_DEVICE_FAMILY = "1,2";
				TEST_HOST = "$(BUILT_PRODUCTS_DIR)/wasai.app/wasai";
			};
			name = Debug;
		};
		1BCDF63024D53A5600B58530 /* Release */ = {
			isa = XCBuildConfiguration;
			buildSettings = {
				ALWAYS_EMBED_SWIFT_STANDARD_LIBRARIES = YES;
				BUNDLE_LOADER = "$(TEST_HOST)";
				CODE_SIGN_STYLE = Automatic;
				DEVELOPMENT_TEAM = 8ZQ2PT5Z9Q;
				INFOPLIST_FILE = wasaiTests/Info.plist;
				IPHONEOS_DEPLOYMENT_TARGET = 13.6;
				LD_RUNPATH_SEARCH_PATHS = (
					"$(inherited)",
					"@executable_path/Frameworks",
					"@loader_path/Frameworks",
				);
				PRODUCT_BUNDLE_IDENTIFIER = "-77115772.wasaiTests";
				PRODUCT_NAME = "$(TARGET_NAME)";
				SWIFT_VERSION = 5.0;
				TARGETED_DEVICE_FAMILY = "1,2";
				TEST_HOST = "$(BUILT_PRODUCTS_DIR)/wasai.app/wasai";
			};
			name = Release;
		};
		1BCDF63224D53A5600B58530 /* Debug */ = {
			isa = XCBuildConfiguration;
			buildSettings = {
				ALWAYS_EMBED_SWIFT_STANDARD_LIBRARIES = YES;
				CODE_SIGN_STYLE = Automatic;
				DEVELOPMENT_TEAM = 8ZQ2PT5Z9Q;
				INFOPLIST_FILE = wasaiUITests/Info.plist;
				LD_RUNPATH_SEARCH_PATHS = (
					"$(inherited)",
					"@executable_path/Frameworks",
					"@loader_path/Frameworks",
				);
				PRODUCT_BUNDLE_IDENTIFIER = "-77115772.wasaiUITests";
				PRODUCT_NAME = "$(TARGET_NAME)";
				SWIFT_VERSION = 5.0;
				TARGETED_DEVICE_FAMILY = "1,2";
				TEST_TARGET_NAME = wasai;
			};
			name = Debug;
		};
		1BCDF63324D53A5600B58530 /* Release */ = {
			isa = XCBuildConfiguration;
			buildSettings = {
				ALWAYS_EMBED_SWIFT_STANDARD_LIBRARIES = YES;
				CODE_SIGN_STYLE = Automatic;
				DEVELOPMENT_TEAM = 8ZQ2PT5Z9Q;
				INFOPLIST_FILE = wasaiUITests/Info.plist;
				LD_RUNPATH_SEARCH_PATHS = (
					"$(inherited)",
					"@executable_path/Frameworks",
					"@loader_path/Frameworks",
				);
				PRODUCT_BUNDLE_IDENTIFIER = "-77115772.wasaiUITests";
				PRODUCT_NAME = "$(TARGET_NAME)";
				SWIFT_VERSION = 5.0;
				TARGETED_DEVICE_FAMILY = "1,2";
				TEST_TARGET_NAME = wasai;
			};
			name = Release;
		};
/* End XCBuildConfiguration section */

/* Begin XCConfigurationList section */
		1BCDF5FC24D53A5400B58530 /* Build configuration list for PBXProject "wasai" */ = {
			isa = XCConfigurationList;
			buildConfigurations = (
				1BCDF62924D53A5600B58530 /* Debug */,
				1BCDF62A24D53A5600B58530 /* Release */,
			);
			defaultConfigurationIsVisible = 0;
			defaultConfigurationName = Release;
		};
		1BCDF62B24D53A5600B58530 /* Build configuration list for PBXNativeTarget "wasai" */ = {
			isa = XCConfigurationList;
			buildConfigurations = (
				1BCDF62C24D53A5600B58530 /* Debug */,
				1BCDF62D24D53A5600B58530 /* Release */,
			);
			defaultConfigurationIsVisible = 0;
			defaultConfigurationName = Release;
		};
		1BCDF62E24D53A5600B58530 /* Build configuration list for PBXNativeTarget "wasaiTests" */ = {
			isa = XCConfigurationList;
			buildConfigurations = (
				1BCDF62F24D53A5600B58530 /* Debug */,
				1BCDF63024D53A5600B58530 /* Release */,
			);
			defaultConfigurationIsVisible = 0;
			defaultConfigurationName = Release;
		};
		1BCDF63124D53A5600B58530 /* Build configuration list for PBXNativeTarget "wasaiUITests" */ = {
			isa = XCConfigurationList;
			buildConfigurations = (
				1BCDF63224D53A5600B58530 /* Debug */,
				1BCDF63324D53A5600B58530 /* Release */,
			);
			defaultConfigurationIsVisible = 0;
			defaultConfigurationName = Release;
		};
/* End XCConfigurationList section */
	};
	rootObject = 1BCDF5F924D53A5400B58530 /* Project object */;
}
